// !$*UTF8*$!
{
	archiveVersion = 1;
	classes = {
	};
	objectVersion = 56;
	objects = {

/* Begin PBXBuildFile section */
		47C10FFF2AD50E2B00E0C5BE /* DashHero_command_controlApp.swift in Sources */ = {isa = PBXBuildFile; fileRef = 47C10FFE2AD50E2B00E0C5BE /* DashHero_command_controlApp.swift */; };
		47C110012AD50E2B00E0C5BE /* ContentView.swift in Sources */ = {isa = PBXBuildFile; fileRef = 47C110002AD50E2B00E0C5BE /* ContentView.swift */; };
		47C110032AD50E2B00E0C5BE /* Item.swift in Sources */ = {isa = PBXBuildFile; fileRef = 47C110022AD50E2B00E0C5BE /* Item.swift */; };
		47C110052AD50E2D00E0C5BE /* Assets.xcassets in Resources */ = {isa = PBXBuildFile; fileRef = 47C110042AD50E2D00E0C5BE /* Assets.xcassets */; };
		47C110082AD50E2D00E0C5BE /* Preview Assets.xcassets in Resources */ = {isa = PBXBuildFile; fileRef = 47C110072AD50E2D00E0C5BE /* Preview Assets.xcassets */; };
/* End PBXBuildFile section */

/* Begin PBXFileReference section */
		47C10FFB2AD50E2B00E0C5BE /* DashHero_command_control.app */ = {isa = PBXFileReference; explicitFileType = wrapper.application; includeInIndex = 0; path = DashHero_command_control.app; sourceTree = BUILT_PRODUCTS_DIR; };
		47C10FFE2AD50E2B00E0C5BE /* DashHero_command_controlApp.swift */ = {isa = PBXFileReference; lastKnownFileType = sourcecode.swift; path = DashHero_command_controlApp.swift; sourceTree = "<group>"; };
		47C110002AD50E2B00E0C5BE /* ContentView.swift */ = {isa = PBXFileReference; lastKnownFileType = sourcecode.swift; path = ContentView.swift; sourceTree = "<group>"; };
		47C110022AD50E2B00E0C5BE /* Item.swift */ = {isa = PBXFileReference; lastKnownFileType = sourcecode.swift; path = Item.swift; sourceTree = "<group>"; };
		47C110042AD50E2D00E0C5BE /* Assets.xcassets */ = {isa = PBXFileReference; lastKnownFileType = folder.assetcatalog; path = Assets.xcassets; sourceTree = "<group>"; };
		47C110072AD50E2D00E0C5BE /* Preview Assets.xcassets */ = {isa = PBXFileReference; lastKnownFileType = folder.assetcatalog; path = "Preview Assets.xcassets"; sourceTree = "<group>"; };
		47C110092AD50E2D00E0C5BE /* DashHero_command_control.entitlements */ = {isa = PBXFileReference; lastKnownFileType = text.plist.entitlements; path = DashHero_command_control.entitlements; sourceTree = "<group>"; };
/* End PBXFileReference section */

/* Begin PBXFrameworksBuildPhase section */
		47C10FF82AD50E2B00E0C5BE /* Frameworks */ = {
			isa = PBXFrameworksBuildPhase;
			buildActionMask = 2147483647;
			files = (
			);
			runOnlyForDeploymentPostprocessing = 0;
		};
/* End PBXFrameworksBuildPhase section */

/* Begin PBXGroup section */
		47C10FF22AD50E2B00E0C5BE = {
			isa = PBXGroup;
			children = (
				47C10FFD2AD50E2B00E0C5BE /* DashHero_command_control */,
				47C10FFC2AD50E2B00E0C5BE /* Products */,
			);
			sourceTree = "<group>";
		};
		47C10FFC2AD50E2B00E0C5BE /* Products */ = {
			isa = PBXGroup;
			children = (
				47C10FFB2AD50E2B00E0C5BE /* DashHero_command_control.app */,
			);
			name = Products;
			sourceTree = "<group>";
		};
		47C10FFD2AD50E2B00E0C5BE /* DashHero_command_control */ = {
			isa = PBXGroup;
			children = (
				47C10FFE2AD50E2B00E0C5BE /* DashHero_command_controlApp.swift */,
				47C110002AD50E2B00E0C5BE /* ContentView.swift */,
				47C110022AD50E2B00E0C5BE /* Item.swift */,
				47C110042AD50E2D00E0C5BE /* Assets.xcassets */,
				47C110092AD50E2D00E0C5BE /* DashHero_command_control.entitlements */,
				47C110062AD50E2D00E0C5BE /* Preview Content */,
			);
			path = DashHero_command_control;
			sourceTree = "<group>";
		};
		47C110062AD50E2D00E0C5BE /* Preview Content */ = {
			isa = PBXGroup;
			children = (
				47C110072AD50E2D00E0C5BE /* Preview Assets.xcassets */,
			);
			path = "Preview Content";
			sourceTree = "<group>";
		};
/* End PBXGroup section */

/* Begin PBXNativeTarget section */
		47C10FFA2AD50E2B00E0C5BE /* DashHero_command_control */ = {
			isa = PBXNativeTarget;
			buildConfigurationList = 47C1100C2AD50E2D00E0C5BE /* Build configuration list for PBXNativeTarget "DashHero_command_control" */;
			buildPhases = (
				47C10FF72AD50E2B00E0C5BE /* Sources */,
				47C10FF82AD50E2B00E0C5BE /* Frameworks */,
				47C10FF92AD50E2B00E0C5BE /* Resources */,
			);
			buildRules = (
			);
			dependencies = (
			);
			name = DashHero_command_control;
			productName = DashHero_command_control;
			productReference = 47C10FFB2AD50E2B00E0C5BE /* DashHero_command_control.app */;
			productType = "com.apple.product-type.application";
		};
/* End PBXNativeTarget section */

/* Begin PBXProject section */
		47C10FF32AD50E2B00E0C5BE /* Project object */ = {
			isa = PBXProject;
			attributes = {
				BuildIndependentTargetsInParallel = 1;
				LastSwiftUpdateCheck = 1500;
				LastUpgradeCheck = 1500;
				TargetAttributes = {
					47C10FFA2AD50E2B00E0C5BE = {
						CreatedOnToolsVersion = 15.0;
					};
				};
			};
			buildConfigurationList = 47C10FF62AD50E2B00E0C5BE /* Build configuration list for PBXProject "DashHero_command_control" */;
			compatibilityVersion = "Xcode 14.0";
			developmentRegion = en;
			hasScannedForEncodings = 0;
			knownRegions = (
				en,
				Base,
			);
			mainGroup = 47C10FF22AD50E2B00E0C5BE;
			productRefGroup = 47C10FFC2AD50E2B00E0C5BE /* Products */;
			projectDirPath = "";
			projectRoot = "";
			targets = (
				47C10FFA2AD50E2B00E0C5BE /* DashHero_command_control */,
			);
		};
/* End PBXProject section */

/* Begin PBXResourcesBuildPhase section */
		47C10FF92AD50E2B00E0C5BE /* Resources */ = {
			isa = PBXResourcesBuildPhase;
			buildActionMask = 2147483647;
			files = (
				47C110082AD50E2D00E0C5BE /* Preview Assets.xcassets in Resources */,
				47C110052AD50E2D00E0C5BE /* Assets.xcassets in Resources */,
			);
			runOnlyForDeploymentPostprocessing = 0;
		};
/* End PBXResourcesBuildPhase section */

/* Begin PBXSourcesBuildPhase section */
		47C10FF72AD50E2B00E0C5BE /* Sources */ = {
			isa = PBXSourcesBuildPhase;
			buildActionMask = 2147483647;
			files = (
				47C110012AD50E2B00E0C5BE /* ContentView.swift in Sources */,
				47C110032AD50E2B00E0C5BE /* Item.swift in Sources */,
				47C10FFF2AD50E2B00E0C5BE /* DashHero_command_controlApp.swift in Sources */,
			);
			runOnlyForDeploymentPostprocessing = 0;
		};
/* End PBXSourcesBuildPhase section */

/* Begin XCBuildConfiguration section */
		47C1100A2AD50E2D00E0C5BE /* Debug */ = {
			isa = XCBuildConfiguration;
			buildSettings = {
				ALWAYS_SEARCH_USER_PATHS = NO;
				ASSETCATALOG_COMPILER_GENERATE_SWIFT_ASSET_SYMBOL_EXTENSIONS = YES;
				CLANG_ANALYZER_NONNULL = YES;
				CLANG_ANALYZER_NUMBER_OBJECT_CONVERSION = YES_AGGRESSIVE;
				CLANG_CXX_LANGUAGE_STANDARD = "gnu++20";
				CLANG_ENABLE_MODULES = YES;
				CLANG_ENABLE_OBJC_ARC = YES;
				CLANG_ENABLE_OBJC_WEAK = YES;
				CLANG_WARN_BLOCK_CAPTURE_AUTORELEASING = YES;
				CLANG_WARN_BOOL_CONVERSION = YES;
				CLANG_WARN_COMMA = YES;
				CLANG_WARN_CONSTANT_CONVERSION = YES;
				CLANG_WARN_DEPRECATED_OBJC_IMPLEMENTATIONS = YES;
				CLANG_WARN_DIRECT_OBJC_ISA_USAGE = YES_ERROR;
				CLANG_WARN_DOCUMENTATION_COMMENTS = YES;
				CLANG_WARN_EMPTY_BODY = YES;
				CLANG_WARN_ENUM_CONVERSION = YES;
				CLANG_WARN_INFINITE_RECURSION = YES;
				CLANG_WARN_INT_CONVERSION = YES;
				CLANG_WARN_NON_LITERAL_NULL_CONVERSION = YES;
				CLANG_WARN_OBJC_IMPLICIT_RETAIN_SELF = YES;
				CLANG_WARN_OBJC_LITERAL_CONVERSION = YES;
				CLANG_WARN_OBJC_ROOT_CLASS = YES_ERROR;
				CLANG_WARN_QUOTED_INCLUDE_IN_FRAMEWORK_HEADER = YES;
				CLANG_WARN_RANGE_LOOP_ANALYSIS = YES;
				CLANG_WARN_STRICT_PROTOTYPES = YES;
				CLANG_WARN_SUSPICIOUS_MOVE = YES;
				CLANG_WARN_UNGUARDED_AVAILABILITY = YES_AGGRESSIVE;
				CLANG_WARN_UNREACHABLE_CODE = YES;
				CLANG_WARN__DUPLICATE_METHOD_MATCH = YES;
				COPY_PHASE_STRIP = NO;
				DEBUG_INFORMATION_FORMAT = dwarf;
				ENABLE_STRICT_OBJC_MSGSEND = YES;
				ENABLE_TESTABILITY = YES;
				ENABLE_USER_SCRIPT_SANDBOXING = YES;
				GCC_C_LANGUAGE_STANDARD = gnu17;
				GCC_DYNAMIC_NO_PIC = NO;
				GCC_NO_COMMON_BLOCKS = YES;
				GCC_OPTIMIZATION_LEVEL = 0;
				GCC_PREPROCESSOR_DEFINITIONS = (
					"DEBUG=1",
					"$(inherited)",
				);
				GCC_WARN_64_TO_32_BIT_CONVERSION = YES;
				GCC_WARN_ABOUT_RETURN_TYPE = YES_ERROR;
				GCC_WARN_UNDECLARED_SELECTOR = YES;
				GCC_WARN_UNINITIALIZED_AUTOS = YES_AGGRESSIVE;
				GCC_WARN_UNUSED_FUNCTION = YES;
				GCC_WARN_UNUSED_VARIABLE = YES;
				LOCALIZATION_PREFERS_STRING_CATALOGS = YES;
				MACOSX_DEPLOYMENT_TARGET = 14.0;
				MTL_ENABLE_DEBUG_INFO = INCLUDE_SOURCE;
				MTL_FAST_MATH = YES;
				ONLY_ACTIVE_ARCH = YES;
				SDKROOT = macosx;
				SWIFT_ACTIVE_COMPILATION_CONDITIONS = "DEBUG $(inherited)";
				SWIFT_OPTIMIZATION_LEVEL = "-Onone";
			};
			name = Debug;
		};
		47C1100B2AD50E2D00E0C5BE /* Release */ = {
			isa = XCBuildConfiguration;
			buildSettings = {
				ALWAYS_SEARCH_USER_PATHS = NO;
				ASSETCATALOG_COMPILER_GENERATE_SWIFT_ASSET_SYMBOL_EXTENSIONS = YES;
				CLANG_ANALYZER_NONNULL = YES;
				CLANG_ANALYZER_NUMBER_OBJECT_CONVERSION = YES_AGGRESSIVE;
				CLANG_CXX_LANGUAGE_STANDARD = "gnu++20";
				CLANG_ENABLE_MODULES = YES;
				CLANG_ENABLE_OBJC_ARC = YES;
				CLANG_ENABLE_OBJC_WEAK = YES;
				CLANG_WARN_BLOCK_CAPTURE_AUTORELEASING = YES;
				CLANG_WARN_BOOL_CONVERSION = YES;
				CLANG_WARN_COMMA = YES;
				CLANG_WARN_CONSTANT_CONVERSION = YES;
				CLANG_WARN_DEPRECATED_OBJC_IMPLEMENTATIONS = YES;
				CLANG_WARN_DIRECT_OBJC_ISA_USAGE = YES_ERROR;
				CLANG_WARN_DOCUMENTATION_COMMENTS = YES;
				CLANG_WARN_EMPTY_BODY = YES;
				CLANG_WARN_ENUM_CONVERSION = YES;
				CLANG_WARN_INFINITE_RECURSION = YES;
				CLANG_WARN_INT_CONVERSION = YES;
				CLANG_WARN_NON_LITERAL_NULL_CONVERSION = YES;
				CLANG_WARN_OBJC_IMPLICIT_RETAIN_SELF = YES;
				CLANG_WARN_OBJC_LITERAL_CONVERSION = YES;
				CLANG_WARN_OBJC_ROOT_CLASS = YES_ERROR;
				CLANG_WARN_QUOTED_INCLUDE_IN_FRAMEWORK_HEADER = YES;
				CLANG_WARN_RANGE_LOOP_ANALYSIS = YES;
				CLANG_WARN_STRICT_PROTOTYPES = YES;
				CLANG_WARN_SUSPICIOUS_MOVE = YES;
				CLANG_WARN_UNGUARDED_AVAILABILITY = YES_AGGRESSIVE;
				CLANG_WARN_UNREACHABLE_CODE = YES;
				CLANG_WARN__DUPLICATE_METHOD_MATCH = YES;
				COPY_PHASE_STRIP = NO;
				DEBUG_INFORMATION_FORMAT = "dwarf-with-dsym";
				ENABLE_NS_ASSERTIONS = NO;
				ENABLE_STRICT_OBJC_MSGSEND = YES;
				ENABLE_USER_SCRIPT_SANDBOXING = YES;
				GCC_C_LANGUAGE_STANDARD = gnu17;
				GCC_NO_COMMON_BLOCKS = YES;
				GCC_WARN_64_TO_32_BIT_CONVERSION = YES;
				GCC_WARN_ABOUT_RETURN_TYPE = YES_ERROR;
				GCC_WARN_UNDECLARED_SELECTOR = YES;
				GCC_WARN_UNINITIALIZED_AUTOS = YES_AGGRESSIVE;
				GCC_WARN_UNUSED_FUNCTION = YES;
				GCC_WARN_UNUSED_VARIABLE = YES;
				LOCALIZATION_PREFERS_STRING_CATALOGS = YES;
				MACOSX_DEPLOYMENT_TARGET = 14.0;
				MTL_ENABLE_DEBUG_INFO = NO;
				MTL_FAST_MATH = YES;
				SDKROOT = macosx;
				SWIFT_COMPILATION_MODE = wholemodule;
			};
			name = Release;
		};
		47C1100D2AD50E2D00E0C5BE /* Debug */ = {
			isa = XCBuildConfiguration;
			buildSettings = {
				ASSETCATALOG_COMPILER_APPICON_NAME = AppIcon;
				ASSETCATALOG_COMPILER_GLOBAL_ACCENT_COLOR_NAME = AccentColor;
				CODE_SIGN_ENTITLEMENTS = DashHero_command_control/DashHero_command_control.entitlements;
				CODE_SIGN_STYLE = Automatic;
				COMBINE_HIDPI_IMAGES = YES;
				CURRENT_PROJECT_VERSION = 1;
				DEVELOPMENT_ASSET_PATHS = "\"DashHero_command_control/Preview Content\"";
				DEVELOPMENT_TEAM = 4LGDT6MLCX;
				ENABLE_HARDENED_RUNTIME = YES;
				ENABLE_PREVIEWS = YES;
				GENERATE_INFOPLIST_FILE = YES;
				INFOPLIST_KEY_NSHumanReadableCopyright = "";
				LD_RUNPATH_SEARCH_PATHS = (
					"$(inherited)",
					"@executable_path/../Frameworks",
				);
				MACOSX_DEPLOYMENT_TARGET = 14.0;
				MARKETING_VERSION = 1.0;
				PRODUCT_BUNDLE_IDENTIFIER = "archiela.DashHero-command-control";
				PRODUCT_NAME = "$(TARGET_NAME)";
				SWIFT_EMIT_LOC_STRINGS = YES;
				SWIFT_VERSION = 5.0;
			};
			name = Debug;
		};
		47C1100E2AD50E2D00E0C5BE /* Release */ = {
			isa = XCBuildConfiguration;
			buildSettings = {
				ASSETCATALOG_COMPILER_APPICON_NAME = AppIcon;
				ASSETCATALOG_COMPILER_GLOBAL_ACCENT_COLOR_NAME = AccentColor;
				CODE_SIGN_ENTITLEMENTS = DashHero_command_control/DashHero_command_control.entitlements;
				CODE_SIGN_STYLE = Automatic;
				COMBINE_HIDPI_IMAGES = YES;
				CURRENT_PROJECT_VERSION = 1;
				DEVELOPMENT_ASSET_PATHS = "\"DashHero_command_control/Preview Content\"";
				DEVELOPMENT_TEAM = 4LGDT6MLCX;
				ENABLE_HARDENED_RUNTIME = YES;
				ENABLE_PREVIEWS = YES;
				GENERATE_INFOPLIST_FILE = YES;
				INFOPLIST_KEY_NSHumanReadableCopyright = "";
				LD_RUNPATH_SEARCH_PATHS = (
					"$(inherited)",
					"@executable_path/../Frameworks",
				);
				MACOSX_DEPLOYMENT_TARGET = 14.0;
				MARKETING_VERSION = 1.0;
				PRODUCT_BUNDLE_IDENTIFIER = "archiela.DashHero-command-control";
				PRODUCT_NAME = "$(TARGET_NAME)";
				SWIFT_EMIT_LOC_STRINGS = YES;
				SWIFT_VERSION = 5.0;
			};
			name = Release;
		};
/* End XCBuildConfiguration section */

/* Begin XCConfigurationList section */
		47C10FF62AD50E2B00E0C5BE /* Build configuration list for PBXProject "DashHero_command_control" */ = {
			isa = XCConfigurationList;
			buildConfigurations = (
				47C1100A2AD50E2D00E0C5BE /* Debug */,
				47C1100B2AD50E2D00E0C5BE /* Release */,
			);
			defaultConfigurationIsVisible = 0;
			defaultConfigurationName = Release;
		};
		47C1100C2AD50E2D00E0C5BE /* Build configuration list for PBXNativeTarget "DashHero_command_control" */ = {
			isa = XCConfigurationList;
			buildConfigurations = (
				47C1100D2AD50E2D00E0C5BE /* Debug */,
				47C1100E2AD50E2D00E0C5BE /* Release */,
			);
			defaultConfigurationIsVisible = 0;
			defaultConfigurationName = Release;
		};
/* End XCConfigurationList section */
	};
	rootObject = 47C10FF32AD50E2B00E0C5BE /* Project object */;
}
